Microsoft Visual Studio Solution File, Format Version 12.00
# Visual Studio Version 17
VisualStudioVersion = 17.5.2.0
MinimumVisualStudioVersion = 10.0.40219.1
Project("{2150E333-8FDC-42A3-9474-1A3956D46DE8}") = "docs", "docs", "{208BA388-4CEE-2CBF-559C-5607C099C1F8}"
EndProject
Project("{2150E333-8FDC-42A3-9474-1A3956D46DE8}") = "modulo-01-fundamentos", "modulo-01-fundamentos", "{29CC9704-CB52-336F-EB58-8FA2B2596800}"
EndProject
Project("{2150E333-8FDC-42A3-9474-1A3956D46DE8}") = "labs", "labs", "{6DC99590-67B3-9615-9A68-F0FC9CEF17E0}"
EndProject
Project("{2150E333-8FDC-42A3-9474-1A3956D46DE8}") = "01-hello-agent", "01-hello-agent", "{B8190522-4933-97A4-2ABD-ADEC4FA242CD}"
EndProject
Project("{FAE04EC0-301F-11D3-BF4B-00C04F79EFBC}") = "HelloAgent", "docs\modulo-01-fundamentos\labs\01-hello-agent\HelloAgent.csproj", "{D27DECBF-B43C-0F7C-7086-523C9134D7DC}"
EndProject
Global
	GlobalSection(SolutionConfigurationPlatforms) = preSolution
		Debug|Any CPU = Debug|Any CPU
		Release|Any CPU = Release|Any CPU
	EndGlobalSection
	GlobalSection(ProjectConfigurationPlatforms) = postSolution
		{D27DECBF-B43C-0F7C-7086-523C9134D7DC}.Debug|Any CPU.ActiveCfg = Debug|Any CPU
		{D27DECBF-B43C-0F7C-7086-523C9134D7DC}.Debug|Any CPU.Build.0 = Debug|Any CPU
		{D27DECBF-B43C-0F7C-7086-523C9134D7DC}.Release|Any CPU.ActiveCfg = Release|Any CPU
		{D27DECBF-B43C-0F7C-7086-523C9134D7DC}.Release|Any CPU.Build.0 = Release|Any CPU
	EndGlobalSection
	GlobalSection(SolutionProperties) = preSolution
		HideSolutionNode = FALSE
	EndGlobalSection
	GlobalSection(NestedProjects) = preSolution
		{29CC9704-CB52-336F-EB58-8FA2B2596800} = {208BA388-4CEE-2CBF-559C-5607C099C1F8}
		{6DC99590-67B3-9615-9A68-F0FC9CEF17E0} = {29CC9704-CB52-336F-EB58-8FA2B2596800}
		{B8190522-4933-97A4-2ABD-ADEC4FA242CD} = {6DC99590-67B3-9615-9A68-F0FC9CEF17E0}
		{D27DECBF-B43C-0F7C-7086-523C9134D7DC} = {B8190522-4933-97A4-2ABD-ADEC4FA242CD}
	EndGlobalSection
	GlobalSection(ExtensibilityGlobals) = postSolution
		SolutionGuid = {B9CDE3DB-8E1D-479A-B4B7-3FAB400DCC2D}
	EndGlobalSection
EndGlobal
